// !$*UTF8*$!
{
	archiveVersion = 1;
	classes = {
	};
	objectVersion = 50;
	objects = {

/* Begin PBXBuildFile section */
		D000E0CB21FB7D2600087AE4 /* RealmSwift.framework in Frameworks */ = {isa = PBXBuildFile; fileRef = D000E0C921FB7D2600087AE4 /* RealmSwift.framework */; };
		D000E0CC21FB7D2600087AE4 /* Realm.framework in Frameworks */ = {isa = PBXBuildFile; fileRef = D000E0CA21FB7D2600087AE4 /* Realm.framework */; };
		D000E0D221FB7F7B00087AE4 /* TaskModel.swift in Sources */ = {isa = PBXBuildFile; fileRef = D000E0D121FB7F7B00087AE4 /* TaskModel.swift */; };
		D000E0D421FB838C00087AE4 /* DBManager.swift in Sources */ = {isa = PBXBuildFile; fileRef = D000E0D321FB838C00087AE4 /* DBManager.swift */; };
		D08A9FFD2206070C000709A7 /* Alamofire.framework in Frameworks */ = {isa = PBXBuildFile; fileRef = D08A9FFC2206070C000709A7 /* Alamofire.framework */; };
		D08A9FFF22060710000709A7 /* SwiftyJSON.framework in Frameworks */ = {isa = PBXBuildFile; fileRef = D08A9FFE22060710000709A7 /* SwiftyJSON.framework */; };
		D0C94716220614560093D892 /* RequestManager.swift in Sources */ = {isa = PBXBuildFile; fileRef = D0C94715220614560093D892 /* RequestManager.swift */; };
		D0E6B7D821F87E5E00B36CD3 /* AppDelegate.swift in Sources */ = {isa = PBXBuildFile; fileRef = D0E6B7D721F87E5E00B36CD3 /* AppDelegate.swift */; };
		D0E6B7DD21F87E5E00B36CD3 /* Main.storyboard in Resources */ = {isa = PBXBuildFile; fileRef = D0E6B7DB21F87E5E00B36CD3 /* Main.storyboard */; };
		D0E6B7DF21F87E6200B36CD3 /* Assets.xcassets in Resources */ = {isa = PBXBuildFile; fileRef = D0E6B7DE21F87E6200B36CD3 /* Assets.xcassets */; };
		D0E6B7E221F87E6200B36CD3 /* LaunchScreen.storyboard in Resources */ = {isa = PBXBuildFile; fileRef = D0E6B7E021F87E6200B36CD3 /* LaunchScreen.storyboard */; };
		D0E6B7EC21FB2CEC00B36CD3 /* MainVC.swift in Sources */ = {isa = PBXBuildFile; fileRef = D0E6B7EB21FB2CEC00B36CD3 /* MainVC.swift */; };
		D0E6B7EF21FB30F100B36CD3 /* AddTaskVC.swift in Sources */ = {isa = PBXBuildFile; fileRef = D0E6B7EE21FB30F100B36CD3 /* AddTaskVC.swift */; };
		D0E6B7F721FB6E6700B36CD3 /* HomeTaskTVCell.swift in Sources */ = {isa = PBXBuildFile; fileRef = D0E6B7F621FB6E6700B36CD3 /* HomeTaskTVCell.swift */; };
		D0E6B7FA21FB6FFC00B36CD3 /* WorkTaskTVCell.swift in Sources */ = {isa = PBXBuildFile; fileRef = D0E6B7F921FB6FFC00B36CD3 /* WorkTaskTVCell.swift */; };
		D0E6B7FC21FB702A00B36CD3 /* RelaxTaskTVCell.swift in Sources */ = {isa = PBXBuildFile; fileRef = D0E6B7FB21FB702A00B36CD3 /* RelaxTaskTVCell.swift */; };
/* End PBXBuildFile section */

/* Begin PBXFileReference section */
		D000E0C921FB7D2600087AE4 /* RealmSwift.framework */ = {isa = PBXFileReference; lastKnownFileType = wrapper.framework; name = RealmSwift.framework; path = Carthage/Build/iOS/RealmSwift.framework; sourceTree = "<group>"; };
		D000E0CA21FB7D2600087AE4 /* Realm.framework */ = {isa = PBXFileReference; lastKnownFileType = wrapper.framework; name = Realm.framework; path = Carthage/Build/iOS/Realm.framework; sourceTree = "<group>"; };
		D000E0D121FB7F7B00087AE4 /* TaskModel.swift */ = {isa = PBXFileReference; lastKnownFileType = sourcecode.swift; path = TaskModel.swift; sourceTree = "<group>"; };
		D000E0D321FB838C00087AE4 /* DBManager.swift */ = {isa = PBXFileReference; lastKnownFileType = sourcecode.swift; path = DBManager.swift; sourceTree = "<group>"; };
		D08A9FFC2206070C000709A7 /* Alamofire.framework */ = {isa = PBXFileReference; lastKnownFileType = wrapper.framework; name = Alamofire.framework; path = Carthage/Build/iOS/Alamofire.framework; sourceTree = "<group>"; };
		D08A9FFE22060710000709A7 /* SwiftyJSON.framework */ = {isa = PBXFileReference; lastKnownFileType = wrapper.framework; name = SwiftyJSON.framework; path = Carthage/Build/iOS/SwiftyJSON.framework; sourceTree = "<group>"; };
		D0C94715220614560093D892 /* RequestManager.swift */ = {isa = PBXFileReference; lastKnownFileType = sourcecode.swift; path = RequestManager.swift; sourceTree = "<group>"; };
		D0E6B7D421F87E5E00B36CD3 /* TaskApp.app */ = {isa = PBXFileReference; explicitFileType = wrapper.application; includeInIndex = 0; path = TaskApp.app; sourceTree = BUILT_PRODUCTS_DIR; };
		D0E6B7D721F87E5E00B36CD3 /* AppDelegate.swift */ = {isa = PBXFileReference; lastKnownFileType = sourcecode.swift; path = AppDelegate.swift; sourceTree = "<group>"; };
		D0E6B7DC21F87E5E00B36CD3 /* Base */ = {isa = PBXFileReference; lastKnownFileType = file.storyboard; name = Base; path = Base.lproj/Main.storyboard; sourceTree = "<group>"; };
		D0E6B7DE21F87E6200B36CD3 /* Assets.xcassets */ = {isa = PBXFileReference; lastKnownFileType = folder.assetcatalog; path = Assets.xcassets; sourceTree = "<group>"; };
		D0E6B7E121F87E6200B36CD3 /* Base */ = {isa = PBXFileReference; lastKnownFileType = file.storyboard; name = Base; path = Base.lproj/LaunchScreen.storyboard; sourceTree = "<group>"; };
		D0E6B7E321F87E6200B36CD3 /* Info.plist */ = {isa = PBXFileReference; lastKnownFileType = text.plist.xml; path = Info.plist; sourceTree = "<group>"; };
		D0E6B7EB21FB2CEC00B36CD3 /* MainVC.swift */ = {isa = PBXFileReference; lastKnownFileType = sourcecode.swift; path = MainVC.swift; sourceTree = "<group>"; };
		D0E6B7EE21FB30F100B36CD3 /* AddTaskVC.swift */ = {isa = PBXFileReference; lastKnownFileType = sourcecode.swift; path = AddTaskVC.swift; sourceTree = "<group>"; };
		D0E6B7F621FB6E6700B36CD3 /* HomeTaskTVCell.swift */ = {isa = PBXFileReference; lastKnownFileType = sourcecode.swift; path = HomeTaskTVCell.swift; sourceTree = "<group>"; };
		D0E6B7F921FB6FFC00B36CD3 /* WorkTaskTVCell.swift */ = {isa = PBXFileReference; lastKnownFileType = sourcecode.swift; path = WorkTaskTVCell.swift; sourceTree = "<group>"; };
		D0E6B7FB21FB702A00B36CD3 /* RelaxTaskTVCell.swift */ = {isa = PBXFileReference; lastKnownFileType = sourcecode.swift; path = RelaxTaskTVCell.swift; sourceTree = "<group>"; };
/* End PBXFileReference section */

/* Begin PBXFrameworksBuildPhase section */
		D0E6B7D121F87E5E00B36CD3 /* Frameworks */ = {
			isa = PBXFrameworksBuildPhase;
			buildActionMask = 2147483647;
			files = (
				D08A9FFF22060710000709A7 /* SwiftyJSON.framework in Frameworks */,
				D000E0CB21FB7D2600087AE4 /* RealmSwift.framework in Frameworks */,
				D000E0CC21FB7D2600087AE4 /* Realm.framework in Frameworks */,
				D08A9FFD2206070C000709A7 /* Alamofire.framework in Frameworks */,
			);
			runOnlyForDeploymentPostprocessing = 0;
		};
/* End PBXFrameworksBuildPhase section */

/* Begin PBXGroup section */
		D000E0C821FB7D2600087AE4 /* Frameworks */ = {
			isa = PBXGroup;
			children = (
				D08A9FFE22060710000709A7 /* SwiftyJSON.framework */,
				D08A9FFC2206070C000709A7 /* Alamofire.framework */,
				D000E0CA21FB7D2600087AE4 /* Realm.framework */,
				D000E0C921FB7D2600087AE4 /* RealmSwift.framework */,
			);
			name = Frameworks;
			sourceTree = "<group>";
		};
		D000E0D921FB9F6D00087AE4 /* Supporting Files */ = {
			isa = PBXGroup;
			children = (
				D0E6B7D721F87E5E00B36CD3 /* AppDelegate.swift */,
				D0E6B7DE21F87E6200B36CD3 /* Assets.xcassets */,
				D0E6B7E321F87E6200B36CD3 /* Info.plist */,
			);
			path = "Supporting Files";
			sourceTree = "<group>";
		};
		D000E0DA21FB9F8200087AE4 /* Storyboard */ = {
			isa = PBXGroup;
			children = (
				D0E6B7DB21F87E5E00B36CD3 /* Main.storyboard */,
				D0E6B7E021F87E6200B36CD3 /* LaunchScreen.storyboard */,
			);
			path = Storyboard;
			sourceTree = "<group>";
		};
		D0C94717220A18C90093D892 /* Managers */ = {
			isa = PBXGroup;
			children = (
				D000E0D321FB838C00087AE4 /* DBManager.swift */,
				D0C94715220614560093D892 /* RequestManager.swift */,
			);
			path = Managers;
			sourceTree = "<group>";
		};
		D0E6B7CB21F87E5E00B36CD3 = {
			isa = PBXGroup;
			children = (
				D0E6B7D621F87E5E00B36CD3 /* TaskApp */,
				D0E6B7D521F87E5E00B36CD3 /* Products */,
				D000E0C821FB7D2600087AE4 /* Frameworks */,
			);
			sourceTree = "<group>";
		};
		D0E6B7D521F87E5E00B36CD3 /* Products */ = {
			isa = PBXGroup;
			children = (
				D0E6B7D421F87E5E00B36CD3 /* TaskApp.app */,
			);
			name = Products;
			sourceTree = "<group>";
		};
		D0E6B7D621F87E5E00B36CD3 /* TaskApp */ = {
			isa = PBXGroup;
			children = (
				D0E6B80221FB77B700B36CD3 /* DataBase */,
				D0C94717220A18C90093D892 /* Managers */,
				D0E6B7ED21FB30CF00B36CD3 /* VC */,
				D0E6B7F821FB6FCA00B36CD3 /* TableCell */,
				D000E0DA21FB9F8200087AE4 /* Storyboard */,
				D000E0D921FB9F6D00087AE4 /* Supporting Files */,
			);
			path = TaskApp;
			sourceTree = "<group>";
		};
		D0E6B7ED21FB30CF00B36CD3 /* VC */ = {
			isa = PBXGroup;
			children = (
				D0E6B7EB21FB2CEC00B36CD3 /* MainVC.swift */,
				D0E6B7EE21FB30F100B36CD3 /* AddTaskVC.swift */,
			);
			path = VC;
			sourceTree = "<group>";
		};
		D0E6B7F821FB6FCA00B36CD3 /* TableCell */ = {
			isa = PBXGroup;
			children = (
				D0E6B7F621FB6E6700B36CD3 /* HomeTaskTVCell.swift */,
				D0E6B7F921FB6FFC00B36CD3 /* WorkTaskTVCell.swift */,
				D0E6B7FB21FB702A00B36CD3 /* RelaxTaskTVCell.swift */,
			);
			path = TableCell;
			sourceTree = "<group>";
		};
		D0E6B80221FB77B700B36CD3 /* DataBase */ = {
			isa = PBXGroup;
			children = (
				D000E0D121FB7F7B00087AE4 /* TaskModel.swift */,
			);
			path = DataBase;
			sourceTree = "<group>";
		};
/* End PBXGroup section */

/* Begin PBXNativeTarget section */
		D0E6B7D321F87E5E00B36CD3 /* TaskApp */ = {
			isa = PBXNativeTarget;
			buildConfigurationList = D0E6B7E621F87E6200B36CD3 /* Build configuration list for PBXNativeTarget "TaskApp" */;
			buildPhases = (
				D0E6B7D021F87E5E00B36CD3 /* Sources */,
				D0E6B7D121F87E5E00B36CD3 /* Frameworks */,
				D0E6B7D221F87E5E00B36CD3 /* Resources */,
				D000E0D021FB7DC200087AE4 /* ShellScript */,
			);
			buildRules = (
			);
			dependencies = (
			);
			name = TaskApp;
			productName = TaskApp;
			productReference = D0E6B7D421F87E5E00B36CD3 /* TaskApp.app */;
			productType = "com.apple.product-type.application";
		};
/* End PBXNativeTarget section */

/* Begin PBXProject section */
		D0E6B7CC21F87E5E00B36CD3 /* Project object */ = {
			isa = PBXProject;
			attributes = {
				LastSwiftUpdateCheck = 1010;
				LastUpgradeCheck = 1010;
				ORGANIZATIONNAME = "MacBook Air";
				TargetAttributes = {
					D0E6B7D321F87E5E00B36CD3 = {
						CreatedOnToolsVersion = 10.1;
					};
				};
			};
			buildConfigurationList = D0E6B7CF21F87E5E00B36CD3 /* Build configuration list for PBXProject "TaskApp" */;
			compatibilityVersion = "Xcode 9.3";
			developmentRegion = en;
			hasScannedForEncodings = 0;
			knownRegions = (
				en,
				Base,
			);
			mainGroup = D0E6B7CB21F87E5E00B36CD3;
			productRefGroup = D0E6B7D521F87E5E00B36CD3 /* Products */;
			projectDirPath = "";
			projectRoot = "";
			targets = (
				D0E6B7D321F87E5E00B36CD3 /* TaskApp */,
			);
		};
/* End PBXProject section */

/* Begin PBXResourcesBuildPhase section */
		D0E6B7D221F87E5E00B36CD3 /* Resources */ = {
			isa = PBXResourcesBuildPhase;
			buildActionMask = 2147483647;
			files = (
				D0E6B7E221F87E6200B36CD3 /* LaunchScreen.storyboard in Resources */,
				D0E6B7DF21F87E6200B36CD3 /* Assets.xcassets in Resources */,
				D0E6B7DD21F87E5E00B36CD3 /* Main.storyboard in Resources */,
			);
			runOnlyForDeploymentPostprocessing = 0;
		};
/* End PBXResourcesBuildPhase section */

/* Begin PBXShellScriptBuildPhase section */
		D000E0D021FB7DC200087AE4 /* ShellScript */ = {
			isa = PBXShellScriptBuildPhase;
			buildActionMask = 2147483647;
			files = (
			);
			inputFileListPaths = (
			);
			inputPaths = (
				"$(SRCROOT)/Carthage/Build/iOS/RealmSwift.framework",
				"$(SRCROOT)/Carthage/Build/iOS/Realm.framework",
				"$(SRCROOT)/Carthage/Build/iOS/Alamofire.framework",
				"$(SRCROOT)/Carthage/Build/iOS/SwiftyJSON.framework",
			);
			outputFileListPaths = (
			);
			outputPaths = (
			);
			runOnlyForDeploymentPostprocessing = 0;
			shellPath = /bin/sh;
			shellScript = "# Type a script or drag a script file from your workspace to insert its path.\n/usr/local/bin/carthage copy-frameworks\n";
		};
/* End PBXShellScriptBuildPhase section */

/* Begin PBXSourcesBuildPhase section */
		D0E6B7D021F87E5E00B36CD3 /* Sources */ = {
			isa = PBXSourcesBuildPhase;
			buildActionMask = 2147483647;
			files = (
				D0C94716220614560093D892 /* RequestManager.swift in Sources */,
				D0E6B7F721FB6E6700B36CD3 /* HomeTaskTVCell.swift in Sources */,
				D000E0D221FB7F7B00087AE4 /* TaskModel.swift in Sources */,
				D0E6B7EC21FB2CEC00B36CD3 /* MainVC.swift in Sources */,
				D000E0D421FB838C00087AE4 /* DBManager.swift in Sources */,
				D0E6B7FA21FB6FFC00B36CD3 /* WorkTaskTVCell.swift in Sources */,
				D0E6B7EF21FB30F100B36CD3 /* AddTaskVC.swift in Sources */,
				D0E6B7D821F87E5E00B36CD3 /* AppDelegate.swift in Sources */,
				D0E6B7FC21FB702A00B36CD3 /* RelaxTaskTVCell.swift in Sources */,
			);
			runOnlyForDeploymentPostprocessing = 0;
		};
/* End PBXSourcesBuildPhase section */

/* Begin PBXVariantGroup section */
		D0E6B7DB21F87E5E00B36CD3 /* Main.storyboard */ = {
			isa = PBXVariantGroup;
			children = (
				D0E6B7DC21F87E5E00B36CD3 /* Base */,
			);
			name = Main.storyboard;
			sourceTree = "<group>";
		};
		D0E6B7E021F87E6200B36CD3 /* LaunchScreen.storyboard */ = {
			isa = PBXVariantGroup;
			children = (
				D0E6B7E121F87E6200B36CD3 /* Base */,
			);
			name = LaunchScreen.storyboard;
			sourceTree = "<group>";
		};
/* End PBXVariantGroup section */

/* Begin XCBuildConfiguration section */
		D0E6B7E421F87E6200B36CD3 /* Debug */ = {
			isa = XCBuildConfiguration;
			buildSettings = {
				ALWAYS_SEARCH_USER_PATHS = NO;
				CLANG_ANALYZER_NONNULL = YES;
				CLANG_ANALYZER_NUMBER_OBJECT_CONVERSION = YES_AGGRESSIVE;
				CLANG_CXX_LANGUAGE_STANDARD = "gnu++14";
				CLANG_CXX_LIBRARY = "libc++";
				CLANG_ENABLE_MODULES = YES;
				CLANG_ENABLE_OBJC_ARC = YES;
				CLANG_ENABLE_OBJC_WEAK = YES;
				CLANG_WARN_BLOCK_CAPTURE_AUTORELEASING = YES;
				CLANG_WARN_BOOL_CONVERSION = YES;
				CLANG_WARN_COMMA = YES;
				CLANG_WARN_CONSTANT_CONVERSION = YES;
				CLANG_WARN_DEPRECATED_OBJC_IMPLEMENTATIONS = YES;
				CLANG_WARN_DIRECT_OBJC_ISA_USAGE = YES_ERROR;
				CLANG_WARN_DOCUMENTATION_COMMENTS = YES;
				CLANG_WARN_EMPTY_BODY = YES;
				CLANG_WARN_ENUM_CONVERSION = YES;
				CLANG_WARN_INFINITE_RECURSION = YES;
				CLANG_WARN_INT_CONVERSION = YES;
				CLANG_WARN_NON_LITERAL_NULL_CONVERSION = YES;
				CLANG_WARN_OBJC_IMPLICIT_RETAIN_SELF = YES;
				CLANG_WARN_OBJC_LITERAL_CONVERSION = YES;
				CLANG_WARN_OBJC_ROOT_CLASS = YES_ERROR;
				CLANG_WARN_RANGE_LOOP_ANALYSIS = YES;
				CLANG_WARN_STRICT_PROTOTYPES = YES;
				CLANG_WARN_SUSPICIOUS_MOVE = YES;
				CLANG_WARN_UNGUARDED_AVAILABILITY = YES_AGGRESSIVE;
				CLANG_WARN_UNREACHABLE_CODE = YES;
				CLANG_WARN__DUPLICATE_METHOD_MATCH = YES;
				CODE_SIGN_IDENTITY = "iPhone Developer";
				COPY_PHASE_STRIP = NO;
				DEBUG_INFORMATION_FORMAT = dwarf;
				ENABLE_STRICT_OBJC_MSGSEND = YES;
				ENABLE_TESTABILITY = YES;
				GCC_C_LANGUAGE_STANDARD = gnu11;
				GCC_DYNAMIC_NO_PIC = NO;
				GCC_NO_COMMON_BLOCKS = YES;
				GCC_OPTIMIZATION_LEVEL = 0;
				GCC_PREPROCESSOR_DEFINITIONS = (
					"DEBUG=1",
					"$(inherited)",
				);
				GCC_WARN_64_TO_32_BIT_CONVERSION = YES;
				GCC_WARN_ABOUT_RETURN_TYPE = YES_ERROR;
				GCC_WARN_UNDECLARED_SELECTOR = YES;
				GCC_WARN_UNINITIALIZED_AUTOS = YES_AGGRESSIVE;
				GCC_WARN_UNUSED_FUNCTION = YES;
				GCC_WARN_UNUSED_VARIABLE = YES;
				IPHONEOS_DEPLOYMENT_TARGET = 12.1;
				MTL_ENABLE_DEBUG_INFO = INCLUDE_SOURCE;
				MTL_FAST_MATH = YES;
				ONLY_ACTIVE_ARCH = YES;
				SDKROOT = iphoneos;
				SWIFT_ACTIVE_COMPILATION_CONDITIONS = DEBUG;
				SWIFT_OPTIMIZATION_LEVEL = "-Onone";
			};
			name = Debug;
		};
		D0E6B7E521F87E6200B36CD3 /* Release */ = {
			isa = XCBuildConfiguration;
			buildSettings = {
				ALWAYS_SEARCH_USER_PATHS = NO;
				CLANG_ANALYZER_NONNULL = YES;
				CLANG_ANALYZER_NUMBER_OBJECT_CONVERSION = YES_AGGRESSIVE;
				CLANG_CXX_LANGUAGE_STANDARD = "gnu++14";
				CLANG_CXX_LIBRARY = "libc++";
				CLANG_ENABLE_MODULES = YES;
				CLANG_ENABLE_OBJC_ARC = YES;
				CLANG_ENABLE_OBJC_WEAK = YES;
				CLANG_WARN_BLOCK_CAPTURE_AUTORELEASING = YES;
				CLANG_WARN_BOOL_CONVERSION = YES;
				CLANG_WARN_COMMA = YES;
				CLANG_WARN_CONSTANT_CONVERSION = YES;
				CLANG_WARN_DEPRECATED_OBJC_IMPLEMENTATIONS = YES;
				CLANG_WARN_DIRECT_OBJC_ISA_USAGE = YES_ERROR;
				CLANG_WARN_DOCUMENTATION_COMMENTS = YES;
				CLANG_WARN_EMPTY_BODY = YES;
				CLANG_WARN_ENUM_CONVERSION = YES;
				CLANG_WARN_INFINITE_RECURSION = YES;
				CLANG_WARN_INT_CONVERSION = YES;
				CLANG_WARN_NON_LITERAL_NULL_CONVERSION = YES;
				CLANG_WARN_OBJC_IMPLICIT_RETAIN_SELF = YES;
				CLANG_WARN_OBJC_LITERAL_CONVERSION = YES;
				CLANG_WARN_OBJC_ROOT_CLASS = YES_ERROR;
				CLANG_WARN_RANGE_LOOP_ANALYSIS = YES;
				CLANG_WARN_STRICT_PROTOTYPES = YES;
				CLANG_WARN_SUSPICIOUS_MOVE = YES;
				CLANG_WARN_UNGUARDED_AVAILABILITY = YES_AGGRESSIVE;
				CLANG_WARN_UNREACHABLE_CODE = YES;
				CLANG_WARN__DUPLICATE_METHOD_MATCH = YES;
				CODE_SIGN_IDENTITY = "iPhone Developer";
				COPY_PHASE_STRIP = NO;
				DEBUG_INFORMATION_FORMAT = "dwarf-with-dsym";
				ENABLE_NS_ASSERTIONS = NO;
				ENABLE_STRICT_OBJC_MSGSEND = YES;
				GCC_C_LANGUAGE_STANDARD = gnu11;
				GCC_NO_COMMON_BLOCKS = YES;
				GCC_WARN_64_TO_32_BIT_CONVERSION = YES;
				GCC_WARN_ABOUT_RETURN_TYPE = YES_ERROR;
				GCC_WARN_UNDECLARED_SELECTOR = YES;
				GCC_WARN_UNINITIALIZED_AUTOS = YES_AGGRESSIVE;
				GCC_WARN_UNUSED_FUNCTION = YES;
				GCC_WARN_UNUSED_VARIABLE = YES;
				IPHONEOS_DEPLOYMENT_TARGET = 12.1;
				MTL_ENABLE_DEBUG_INFO = NO;
				MTL_FAST_MATH = YES;
				SDKROOT = iphoneos;
				SWIFT_COMPILATION_MODE = wholemodule;
				SWIFT_OPTIMIZATION_LEVEL = "-O";
				VALIDATE_PRODUCT = YES;
			};
			name = Release;
		};
		D0E6B7E721F87E6200B36CD3 /* Debug */ = {
			isa = XCBuildConfiguration;
			buildSettings = {
				ASSETCATALOG_COMPILER_APPICON_NAME = AppIcon;
				CODE_SIGN_STYLE = Automatic;
				DEVELOPMENT_TEAM = RN5J25X5C5;
				FRAMEWORK_SEARCH_PATHS = (
					"$(inherited)",
					"$(PROJECT_DIR)/Carthage/Build/iOS",
				);
				INFOPLIST_FILE = "$(SRCROOT)/TaskApp/Supporting Files/Info.plist";
				IPHONEOS_DEPLOYMENT_TARGET = 9.0;
				LD_RUNPATH_SEARCH_PATHS = (
					"$(inherited)",
					"@executable_path/Frameworks",
				);
				PRODUCT_BUNDLE_IDENTIFIER = AksCompany.TaskApp;
				PRODUCT_NAME = "$(TARGET_NAME)";
				SWIFT_VERSION = 4.2;
				TARGETED_DEVICE_FAMILY = 1;
			};
			name = Debug;
		};
		D0E6B7E821F87E6200B36CD3 /* Release */ = {
			isa = XCBuildConfiguration;
			buildSettings = {
				ASSETCATALOG_COMPILER_APPICON_NAME = AppIcon;
				CODE_SIGN_STYLE = Automatic;
				DEVELOPMENT_TEAM = RN5J25X5C5;
				FRAMEWORK_SEARCH_PATHS = (
					"$(inherited)",
					"$(PROJECT_DIR)/Carthage/Build/iOS",
				);
				INFOPLIST_FILE = "$(SRCROOT)/TaskApp/Supporting Files/Info.plist";
				IPHONEOS_DEPLOYMENT_TARGET = 9.0;
				LD_RUNPATH_SEARCH_PATHS = (
					"$(inherited)",
					"@executable_path/Frameworks",
				);
				PRODUCT_BUNDLE_IDENTIFIER = AksCompany.TaskApp;
				PRODUCT_NAME = "$(TARGET_NAME)";
				SWIFT_VERSION = 4.2;
				TARGETED_DEVICE_FAMILY = 1;
			};
			name = Release;
		};
/* End XCBuildConfiguration section */

/* Begin XCConfigurationList section */
		D0E6B7CF21F87E5E00B36CD3 /* Build configuration list for PBXProject "TaskApp" */ = {
			isa = XCConfigurationList;
			buildConfigurations = (
				D0E6B7E421F87E6200B36CD3 /* Debug */,
				D0E6B7E521F87E6200B36CD3 /* Release */,
			);
			defaultConfigurationIsVisible = 0;
			defaultConfigurationName = Release;
		};
		D0E6B7E621F87E6200B36CD3 /* Build configuration list for PBXNativeTarget "TaskApp" */ = {
			isa = XCConfigurationList;
			buildConfigurations = (
				D0E6B7E721F87E6200B36CD3 /* Debug */,
				D0E6B7E821F87E6200B36CD3 /* Release */,
			);
			defaultConfigurationIsVisible = 0;
			defaultConfigurationName = Release;
		};
/* End XCConfigurationList section */
	};
	rootObject = D0E6B7CC21F87E5E00B36CD3 /* Project object */;
}
